{
  "name": "@codecafe/vue-password-checker",
  "version": "1.0.0",
  "lockfileVersion": 1,
  "requires": true,
  "dependencies": {
    "@codecafe/password-checker": {
      "version": "1.0.0",
      "resolved": "https://registry.npmjs.org/@codecafe/password-checker/-/password-checker-1.0.0.tgz",
      "integrity": "sha512-A2tmcsNAVKQdMsJvv9IfY+QT30iDaseRuXgqw/jaAav2+MQoEbpdJ+OChppussYCBW6RbTco8um/x+JGeiMgCQ=="
    },
    "typescript": {
      "version": "3.9.7",
      "resolved": "https://registry.npmjs.org/typescript/-/typescript-3.9.7.tgz",
      "integrity": "sha512-BLbiRkiBzAwsjut4x/dsibSTB6yWpwT5qWmC2OfuCg3GgVQCSgMs4vEctYPhsaGtd0AeuuHMkjZ2h2WG8MSzRw==",
      "dev": true
    },
    "vue": {
      "version": "2.6.11",
      "resolved": "https://registry.npmjs.org/vue/-/vue-2.6.11.tgz",
      "integrity": "sha512-VfPwgcGABbGAue9+sfrD4PuwFar7gPb1yl1UK1MwXoQPAw0BKSqWfoYCT/ThFrdEVWoI51dBuyCoiNU9bZDZxQ=="
    }
  }
}
